
Microsoft Visual Studio Solution File, Format Version 12.00
# Visual Studio Version 17
VisualStudioVersion = 17.4.33122.133
MinimumVisualStudioVersion = 10.0.40219.1
Project("{FAE04EC0-301F-11D3-BF4B-00C04F79EFBC}") = "SchuleIstCool", "SchuleIstCool.csproj", "{6860C330-4D62-47C1-A6EF-FE4B07823FB5}"
EndProject
Global
	GlobalSection(SolutionConfigurationPlatforms) = preSolution
		Debug|Any CPU = Debug|Any CPU
		Release|Any CPU = Release|Any CPU
	EndGlobalSection
	GlobalSection(ProjectConfigurationPlatforms) = postSolution
		{6860C330-4D62-47C1-A6EF-FE4B07823FB5}.Debug|Any CPU.ActiveCfg = Debug|Any CPU
		{6860C330-4D62-47C1-A6EF-FE4B07823FB5}.Debug|Any CPU.Build.0 = Debug|Any CPU
		{6860C330-4D62-47C1-A6EF-FE4B07823FB5}.Release|Any CPU.ActiveCfg = Release|Any CPU
		{6860C330-4D62-47C1-A6EF-FE4B07823FB5}.Release|Any CPU.Build.0 = Release|Any CPU
	EndGlobalSection
	GlobalSection(SolutionProperties) = preSolution
		HideSolutionNode = FALSE
	EndGlobalSection
	GlobalSection(ExtensibilityGlobals) = postSolution
		SolutionGuid = {3A8C6A4D-D402-49AC-A545-385193DE0234}
	EndGlobalSection
EndGlobal
